{
  "version": 4,
  "terraform_version": "1.4.6",
  "serial": 95,
  "lineage": "025a79f7-90b5-9b7c-d1ab-6a014f0d4674",
  "outputs": {},
  "resources": [
    {
      "mode": "managed",
      "type": "aws_instance",
      "name": "app_server",
      "provider": "provider[\"registry.terraform.io/hashicorp/aws\"]",
      "instances": [
        {
          "status": "tainted",
          "schema_version": 1,
          "attributes": {
            "ami": "ami-064803387adcb64b3",
            "arn": null,
            "associate_public_ip_address": true,
            "availability_zone": null,
            "capacity_reservation_specification": null,
            "cpu_core_count": null,
            "cpu_options": null,
            "cpu_threads_per_core": null,
            "credit_specification": [],
            "disable_api_stop": null,
            "disable_api_termination": null,
            "ebs_block_device": [],
            "ebs_optimized": null,
            "enclave_options": null,
            "ephemeral_block_device": [],
            "get_password_data": false,
            "hibernation": null,
            "host_id": null,
            "host_resource_group_arn": null,
            "iam_instance_profile": null,
            "id": "i-04d54c466ad49ce20",
            "instance_initiated_shutdown_behavior": null,
            "instance_state": null,
            "instance_type": "t2.small",
            "ipv6_address_count": null,
            "ipv6_addresses": null,
            "key_name": "Home",
            "launch_template": [],
            "maintenance_options": null,
            "metadata_options": null,
            "monitoring": null,
            "network_interface": [],
            "outpost_arn": null,
            "password_data": null,
            "placement_group": null,
            "placement_partition_number": null,
            "primary_network_interface_id": null,
            "private_dns": null,
            "private_dns_name_options": null,
            "private_ip": null,
            "public_dns": null,
            "public_ip": null,
            "root_block_device": null,
            "secondary_private_ips": [],
            "security_groups": [],
            "source_dest_check": true,
            "subnet_id": null,
            "tags": {
              "Name": "Minecraft"
            },
            "tags_all": {
              "Name": "Minecraft"
            },
            "tenancy": null,
            "timeouts": null,
            "user_data": "9489cc393100c65fa2423fd7de863e2da330c56a",
            "user_data_base64": null,
            "user_data_replace_on_change": false,
            "volume_tags": null,
            "vpc_security_group_ids": [
              "sg-06ef9bd17f1b94f05"
            ]
          },
          "sensitive_attributes": [],
          "private": "eyJlMmJmYjczMC1lY2FhLTExZTYtOGY4OC0zNDM2M2JjN2M0YzAiOnsiY3JlYXRlIjo2MDAwMDAwMDAwMDAsImRlbGV0ZSI6MTIwMDAwMDAwMDAwMCwidXBkYXRlIjo2MDAwMDAwMDAwMDB9LCJzY2hlbWFfdmVyc2lvbiI6IjEifQ==",
          "dependencies": [
            "aws_key_pair.home",
            "aws_security_group.minecraft"
          ]
        }
      ]
    },
    {
      "mode": "managed",
      "type": "aws_key_pair",
      "name": "home",
      "provider": "provider[\"registry.terraform.io/hashicorp/aws\"]",
      "instances": [
        {
          "schema_version": 1,
          "attributes": {
            "arn": "arn:aws:ec2:us-west-2:471545609799:key-pair/Home",
            "fingerprint": "39:fc:9f:bb:d2:d9:66:b8:04:1e:9e:7d:8b:15:f9:3d",
            "id": "Home",
            "key_name": "Home",
            "key_name_prefix": "",
            "key_pair_id": "key-0a4271e508a3d6d57",
            "key_type": "rsa",
            "public_key": "ssh-rsa AAAAB3NzaC1yc2EAAAADAQABAAABAQC04VMuA9uRljVbj5ZY6pZtbsJgBPykSzAehmiYFZwdlqOIW6Tex1LmbUTdfbr6d2LCBfV3Hbax5de50Gnd8CnwujXsKOA+K9BOHbhT3jRh8pw0Xh0U95bwMA9mTi022mT35Zz82Nlo2EVGFo88U1/TC+RhxOVACDb300VJ1/iGPXfNXvna4NFgbN3bMGsHz6MMnD0tyhpt3X7BBT4UrtzW8PCrk7N040oNNKlvp6cG+tWZ1TH6KlkepjU7N4aTGbef/6K0Gq7SSmJxgoa1B+aOosU0q3dMFMwLhnckLtx8/Kkx2kPJYLQpmMmX5YxNW5Xf1r8loYxMvjfn/AdbJg31 solde@DESKTOP-TI3184V",
            "tags": {},
            "tags_all": {}
          },
          "sensitive_attributes": [],
          "private": "eyJzY2hlbWFfdmVyc2lvbiI6IjEifQ=="
        }
      ]
    },
    {
      "mode": "managed",
      "type": "aws_security_group",
      "name": "minecraft",
      "provider": "provider[\"registry.terraform.io/hashicorp/aws\"]",
      "instances": [
        {
          "schema_version": 1,
          "attributes": {
            "arn": "arn:aws:ec2:us-west-2:471545609799:security-group/sg-06ef9bd17f1b94f05",
            "description": "Managed by Terraform",
            "egress": [
              {
                "cidr_blocks": [
                  "0.0.0.0/0"
                ],
                "description": "Send everywhere.",
                "from_port": 0,
                "ipv6_cidr_blocks": [],
                "prefix_list_ids": [],
                "protocol": "-1",
                "security_groups": [],
                "self": false,
                "to_port": 0
              }
            ],
            "id": "sg-06ef9bd17f1b94f05",
            "ingress": [
              {
                "cidr_blocks": [
                  "0.0.0.0/0"
                ],
                "description": "Receive Minecraft from everywhere.",
                "from_port": 25565,
                "ipv6_cidr_blocks": [],
                "prefix_list_ids": [],
                "protocol": "tcp",
                "security_groups": [],
                "self": false,
                "to_port": 25565
              },
              {
                "cidr_blocks": [
                  "76.32.192.131/32"
                ],
                "description": "Receive SSH from home.",
                "from_port": 22,
                "ipv6_cidr_blocks": [],
                "prefix_list_ids": [],
                "protocol": "tcp",
                "security_groups": [],
                "self": false,
                "to_port": 22
              }
            ],
            "name": "terraform-20230615054026663800000001",
            "name_prefix": "terraform-",
            "owner_id": "471545609799",
            "revoke_rules_on_delete": false,
            "tags": {
              "Name": "Minecraft"
            },
            "tags_all": {
              "Name": "Minecraft"
            },
            "timeouts": null,
            "vpc_id": "vpc-01d597a49bb9c70e4"
          },
          "sensitive_attributes": [],
          "private": "eyJlMmJmYjczMC1lY2FhLTExZTYtOGY4OC0zNDM2M2JjN2M0YzAiOnsiY3JlYXRlIjo2MDAwMDAwMDAwMDAsImRlbGV0ZSI6OTAwMDAwMDAwMDAwfSwic2NoZW1hX3ZlcnNpb24iOiIxIn0="
        }
      ]
    }
  ],
  "check_results": null
}
